
Microsoft Visual Studio Solution File, Format Version 12.00
# Visual Studio 2012
Project("{FAE04EC0-301F-11D3-BF4B-00C04F79EFBC}") = "Assembly-CSharp-vs", "..\UAVbehavior\Assembly-CSharp-vs.csproj", "{04E8639D-68E1-44BD-9AF2-74470A6575D5}"
EndProject
Project("{FAE04EC0-301F-11D3-BF4B-00C04F79EFBC}") = "UAVUnitTest", "UAVUnitTest\UAVUnitTest.csproj", "{0286B685-F180-48C0-8D7B-F2DD0BD09A71}"
EndProject
Global
	GlobalSection(SolutionConfigurationPlatforms) = preSolution
		Debug|Any CPU = Debug|Any CPU
		Release|Any CPU = Release|Any CPU
	EndGlobalSection
	GlobalSection(ProjectConfigurationPlatforms) = postSolution
		{04E8639D-68E1-44BD-9AF2-74470A6575D5}.Debug|Any CPU.ActiveCfg = Debug|Any CPU
		{04E8639D-68E1-44BD-9AF2-74470A6575D5}.Debug|Any CPU.Build.0 = Debug|Any CPU
		{04E8639D-68E1-44BD-9AF2-74470A6575D5}.Release|Any CPU.ActiveCfg = Release|Any CPU
		{04E8639D-68E1-44BD-9AF2-74470A6575D5}.Release|Any CPU.Build.0 = Release|Any CPU
		{0286B685-F180-48C0-8D7B-F2DD0BD09A71}.Debug|Any CPU.ActiveCfg = Debug|Any CPU
		{0286B685-F180-48C0-8D7B-F2DD0BD09A71}.Debug|Any CPU.Build.0 = Debug|Any CPU
		{0286B685-F180-48C0-8D7B-F2DD0BD09A71}.Release|Any CPU.ActiveCfg = Release|Any CPU
		{0286B685-F180-48C0-8D7B-F2DD0BD09A71}.Release|Any CPU.Build.0 = Release|Any CPU
	EndGlobalSection
	GlobalSection(SolutionProperties) = preSolution
		HideSolutionNode = FALSE
	EndGlobalSection
EndGlobal
